
Microsoft Visual Studio Solution File, Format Version 12.00
# Visual Studio Version 17
VisualStudioVersion = 17.0.32112.339
MinimumVisualStudioVersion = 10.0.40219.1
Project("{FAE04EC0-301F-11D3-BF4B-00C04F79EFBC}") = "Demo_HelloWorld_App", "Demo_HelloWorld_App\Demo_HelloWorld_App.csproj", "{344F5E05-EF87-402A-BA75-917CE6153E8C}"
EndProject
Global
	GlobalSection(SolutionConfigurationPlatforms) = preSolution
		Debug|Any CPU = Debug|Any CPU
		Release|Any CPU = Release|Any CPU
	EndGlobalSection
	GlobalSection(ProjectConfigurationPlatforms) = postSolution
		{344F5E05-EF87-402A-BA75-917CE6153E8C}.Debug|Any CPU.ActiveCfg = Debug|Any CPU
		{344F5E05-EF87-402A-BA75-917CE6153E8C}.Debug|Any CPU.Build.0 = Debug|Any CPU
		{344F5E05-EF87-402A-BA75-917CE6153E8C}.Release|Any CPU.ActiveCfg = Release|Any CPU
		{344F5E05-EF87-402A-BA75-917CE6153E8C}.Release|Any CPU.Build.0 = Release|Any CPU
	EndGlobalSection
	GlobalSection(SolutionProperties) = preSolution
		HideSolutionNode = FALSE
	EndGlobalSection
	GlobalSection(ExtensibilityGlobals) = postSolution
		SolutionGuid = {275BF2BB-FC60-484D-AEDB-4BB3A87DBA31}
	EndGlobalSection
EndGlobal
