
Microsoft Visual Studio Solution File, Format Version 12.00
# Visual Studio Version 16
VisualStudioVersion = 16.0.32106.194
MinimumVisualStudioVersion = 10.0.40219.1
Project("{FAE04EC0-301F-11D3-BF4B-00C04F79EFBC}") = "SecondConsolePrg", "SecondConsolePrg\SecondConsolePrg.csproj", "{A2C48241-D26D-4171-B324-742A5D0F788E}"
EndProject
Project("{FAE04EC0-301F-11D3-BF4B-00C04F79EFBC}") = "Second_Program_Console", "Second_Program_Console\Second_Program_Console.csproj", "{291A0E14-0E8D-4C78-9AC1-231D1FD1D302}"
EndProject
Global
	GlobalSection(SolutionConfigurationPlatforms) = preSolution
		Debug|Any CPU = Debug|Any CPU
		Release|Any CPU = Release|Any CPU
	EndGlobalSection
	GlobalSection(ProjectConfigurationPlatforms) = postSolution
		{A2C48241-D26D-4171-B324-742A5D0F788E}.Debug|Any CPU.ActiveCfg = Debug|Any CPU
		{A2C48241-D26D-4171-B324-742A5D0F788E}.Debug|Any CPU.Build.0 = Debug|Any CPU
		{A2C48241-D26D-4171-B324-742A5D0F788E}.Release|Any CPU.ActiveCfg = Release|Any CPU
		{A2C48241-D26D-4171-B324-742A5D0F788E}.Release|Any CPU.Build.0 = Release|Any CPU
		{291A0E14-0E8D-4C78-9AC1-231D1FD1D302}.Debug|Any CPU.ActiveCfg = Debug|Any CPU
		{291A0E14-0E8D-4C78-9AC1-231D1FD1D302}.Debug|Any CPU.Build.0 = Debug|Any CPU
		{291A0E14-0E8D-4C78-9AC1-231D1FD1D302}.Release|Any CPU.ActiveCfg = Release|Any CPU
		{291A0E14-0E8D-4C78-9AC1-231D1FD1D302}.Release|Any CPU.Build.0 = Release|Any CPU
	EndGlobalSection
	GlobalSection(SolutionProperties) = preSolution
		HideSolutionNode = FALSE
	EndGlobalSection
	GlobalSection(ExtensibilityGlobals) = postSolution
		SolutionGuid = {D5DBF9F4-9CA8-4CD6-9440-F0604C51CAF7}
	EndGlobalSection
EndGlobal
