
Microsoft Visual Studio Solution File, Format Version 12.00
# Visual Studio Version 16
VisualStudioVersion = 16.0.32106.194
MinimumVisualStudioVersion = 10.0.40219.1
Project("{FAE04EC0-301F-11D3-BF4B-00C04F79EFBC}") = "Case_Study_Plan_2", "Case_Study_Plan_2\Case_Study_Plan_2.csproj", "{9206377B-7F3C-434D-A7C9-BA73F13AE030}"
EndProject
Global
	GlobalSection(SolutionConfigurationPlatforms) = preSolution
		Debug|Any CPU = Debug|Any CPU
		Release|Any CPU = Release|Any CPU
	EndGlobalSection
	GlobalSection(ProjectConfigurationPlatforms) = postSolution
		{9206377B-7F3C-434D-A7C9-BA73F13AE030}.Debug|Any CPU.ActiveCfg = Debug|Any CPU
		{9206377B-7F3C-434D-A7C9-BA73F13AE030}.Debug|Any CPU.Build.0 = Debug|Any CPU
		{9206377B-7F3C-434D-A7C9-BA73F13AE030}.Release|Any CPU.ActiveCfg = Release|Any CPU
		{9206377B-7F3C-434D-A7C9-BA73F13AE030}.Release|Any CPU.Build.0 = Release|Any CPU
	EndGlobalSection
	GlobalSection(SolutionProperties) = preSolution
		HideSolutionNode = FALSE
	EndGlobalSection
	GlobalSection(ExtensibilityGlobals) = postSolution
		SolutionGuid = {713ED869-0557-49E9-A4BE-94183858B6F1}
	EndGlobalSection
EndGlobal
