
Microsoft Visual Studio Solution File, Format Version 12.00
# Visual Studio Version 16
VisualStudioVersion = 16.0.32106.194
MinimumVisualStudioVersion = 10.0.40219.1
Project("{FAE04EC0-301F-11D3-BF4B-00C04F79EFBC}") = "Demo_Assignment_Collections", "Demo_Assignment_Collections_Q1\Demo_Assignment_Collections.csproj", "{D7BECB0A-85EA-406C-A4D9-B9312A6A59B8}"
EndProject
Global
	GlobalSection(SolutionConfigurationPlatforms) = preSolution
		Debug|Any CPU = Debug|Any CPU
		Release|Any CPU = Release|Any CPU
	EndGlobalSection
	GlobalSection(ProjectConfigurationPlatforms) = postSolution
		{D7BECB0A-85EA-406C-A4D9-B9312A6A59B8}.Debug|Any CPU.ActiveCfg = Debug|Any CPU
		{D7BECB0A-85EA-406C-A4D9-B9312A6A59B8}.Debug|Any CPU.Build.0 = Debug|Any CPU
		{D7BECB0A-85EA-406C-A4D9-B9312A6A59B8}.Release|Any CPU.ActiveCfg = Release|Any CPU
		{D7BECB0A-85EA-406C-A4D9-B9312A6A59B8}.Release|Any CPU.Build.0 = Release|Any CPU
	EndGlobalSection
	GlobalSection(SolutionProperties) = preSolution
		HideSolutionNode = FALSE
	EndGlobalSection
	GlobalSection(ExtensibilityGlobals) = postSolution
		SolutionGuid = {0C88D951-51B8-48B8-84DA-E40C9E8EF70F}
	EndGlobalSection
EndGlobal
