
Microsoft Visual Studio Solution File, Format Version 12.00
# Visual Studio Version 16
VisualStudioVersion = 16.0.32106.194
MinimumVisualStudioVersion = 10.0.40219.1
Project("{FAE04EC0-301F-11D3-BF4B-00C04F79EFBC}") = "Case_Study_Plan_1", "Case_Study_Plan_1\Case_Study_Plan_1.csproj", "{3EE148CD-8094-4549-B8E6-3C00E0BE7970}"
EndProject
Global
	GlobalSection(SolutionConfigurationPlatforms) = preSolution
		Debug|Any CPU = Debug|Any CPU
		Release|Any CPU = Release|Any CPU
	EndGlobalSection
	GlobalSection(ProjectConfigurationPlatforms) = postSolution
		{3EE148CD-8094-4549-B8E6-3C00E0BE7970}.Debug|Any CPU.ActiveCfg = Debug|Any CPU
		{3EE148CD-8094-4549-B8E6-3C00E0BE7970}.Debug|Any CPU.Build.0 = Debug|Any CPU
		{3EE148CD-8094-4549-B8E6-3C00E0BE7970}.Release|Any CPU.ActiveCfg = Release|Any CPU
		{3EE148CD-8094-4549-B8E6-3C00E0BE7970}.Release|Any CPU.Build.0 = Release|Any CPU
	EndGlobalSection
	GlobalSection(SolutionProperties) = preSolution
		HideSolutionNode = FALSE
	EndGlobalSection
	GlobalSection(ExtensibilityGlobals) = postSolution
		SolutionGuid = {DA9584DF-AC61-496E-A6B1-89D609A2E9B6}
	EndGlobalSection
EndGlobal
